
Microsoft Visual Studio Solution File, Format Version 12.00
# Visual Studio Version 16
VisualStudioVersion = 16.0.29215.179
MinimumVisualStudioVersion = 10.0.40219.1
Project("{9A19103F-16F7-4668-BE54-9A1E7A4F7556}") = "sporthub", "sporthub.csproj", "{32C6BB58-13F3-4383-ADE4-BBA04FEAD7EF}"
EndProject
Global
	GlobalSection(SolutionConfigurationPlatforms) = preSolution
		Debug|Any CPU = Debug|Any CPU
		Release|Any CPU = Release|Any CPU
	EndGlobalSection
	GlobalSection(ProjectConfigurationPlatforms) = postSolution
		{32C6BB58-13F3-4383-ADE4-BBA04FEAD7EF}.Debug|Any CPU.ActiveCfg = Debug|Any CPU
		{32C6BB58-13F3-4383-ADE4-BBA04FEAD7EF}.Debug|Any CPU.Build.0 = Debug|Any CPU
		{32C6BB58-13F3-4383-ADE4-BBA04FEAD7EF}.Release|Any CPU.ActiveCfg = Release|Any CPU
		{32C6BB58-13F3-4383-ADE4-BBA04FEAD7EF}.Release|Any CPU.Build.0 = Release|Any CPU
	EndGlobalSection
	GlobalSection(SolutionProperties) = preSolution
		HideSolutionNode = FALSE
	EndGlobalSection
	GlobalSection(ExtensibilityGlobals) = postSolution
		SolutionGuid = {CC71E198-8678-48C6-A083-A6B1A4918CC0}
	EndGlobalSection
EndGlobal
